
Microsoft Visual Studio Solution File, Format Version 12.00
# Visual Studio Version 16
VisualStudioVersion = 16.0.31129.286
MinimumVisualStudioVersion = 10.0.40219.1
Project("{8BC9CEB8-8B4A-11D0-8D11-00A0C91BC942}") = "SimpleProgram", "SimpleProgram\SimpleProgram.vcxproj", "{2BB23D30-5C21-47D2-85E9-7FCCCA8E1F8E}"
EndProject
Project("{8BC9CEB8-8B4A-11D0-8D11-00A0C91BC942}") = "CompleteProgram", "CompleteProgram\CompleteProgram.vcxproj", "{A20D842E-1F76-48DC-B7A4-8DE5B9262C39}"
EndProject
Project("{8BC9CEB8-8B4A-11D0-8D11-00A0C91BC942}") = "ColoredProgram", "ColoredProgram\ColoredProgram.vcxproj", "{9A61A0E6-DF33-4B77-BC3B-A47E1B592FD8}"
EndProject
Project("{8BC9CEB8-8B4A-11D0-8D11-00A0C91BC942}") = "SierpinskiGasketPoints", "SierpinskiGasketPoints\SierpinskiGasketPoints.vcxproj", "{A664B8AB-CEFF-48F0-849D-532B7D6FFB62}"
EndProject
Project("{8BC9CEB8-8B4A-11D0-8D11-00A0C91BC942}") = "SierpinskiGasketTriangles", "SierpinskiGasketTriangles\SierpinskiGasketTriangles.vcxproj", "{049CE35D-7E0E-4577-9B49-C7602C1558B5}"
EndProject
Project("{8BC9CEB8-8B4A-11D0-8D11-00A0C91BC942}") = "CubeOrtho", "CubeOrtho\CubeOrtho.vcxproj", "{8B542400-6EB1-48B6-8596-3B1079AC74A6}"
EndProject
Project("{8BC9CEB8-8B4A-11D0-8D11-00A0C91BC942}") = "CubePersp", "CubePersp\CubePersp.vcxproj", "{5D19AB51-9816-4469-BEA9-E9F1B4CA6D1C}"
EndProject
Project("{8BC9CEB8-8B4A-11D0-8D11-00A0C91BC942}") = "CubeLight", "CubeLight\CubeLight.vcxproj", "{28B1A9DA-767B-469B-9829-8365AD21BE61}"
EndProject
Project("{8BC9CEB8-8B4A-11D0-8D11-00A0C91BC942}") = "CubeTexture", "CubeTexture\CubeTexture.vcxproj", "{B6A1B246-5AC7-4232-8806-D5913DA49026}"
EndProject
Project("{8BC9CEB8-8B4A-11D0-8D11-00A0C91BC942}") = "Sphere", "Sphere\Sphere.vcxproj", "{0C09DCE7-DCD0-4A34-B309-9F7613456D9F}"
EndProject
Project("{8BC9CEB8-8B4A-11D0-8D11-00A0C91BC942}") = "Robot", "Robot\Robot.vcxproj", "{961F9630-D3F0-4698-A29C-58F57559D5C3}"
EndProject
Project("{8BC9CEB8-8B4A-11D0-8D11-00A0C91BC942}") = "Teapot", "Teapot\Teapot.vcxproj", "{71623DE9-E933-4347-B9F5-A754FC797D6C}"
EndProject
Project("{2150E333-8FDC-42A3-9474-1A3956D46DE8}") = "Solution Items", "Solution Items", "{6199D7AC-5BC6-4D1C-A52C-7083A909443D}"
	ProjectSection(SolutionItems) = preProject
		.gitignore = .gitignore
		README.md = README.md
	EndProjectSection
EndProject
Project("{8BC9CEB8-8B4A-11D0-8D11-00A0C91BC942}") = "Wave", "Wave\Wave.vcxproj", "{6CDDAB91-C3F3-46C3-B5F0-0E1A1AFA4943}"
EndProject
Project("{8BC9CEB8-8B4A-11D0-8D11-00A0C91BC942}") = "Morph", "Morph\Morph.vcxproj", "{C3D6859A-AD09-45EC-804F-0622B92EF866}"
EndProject
Project("{8BC9CEB8-8B4A-11D0-8D11-00A0C91BC942}") = "NonPhoto", "NonPhoto\NonPhoto.vcxproj", "{75E7C45C-8FC1-440A-8F67-F140B4A03B74}"
EndProject
Project("{8BC9CEB8-8B4A-11D0-8D11-00A0C91BC942}") = "FBO1", "FBO1\FBO1.vcxproj", "{F1089EC7-C469-4524-9B7B-977685D79C18}"
EndProject
Project("{8BC9CEB8-8B4A-11D0-8D11-00A0C91BC942}") = "FBO2", "FBO2\FBO2.vcxproj", "{7E0BFAED-8D3F-40CF-B9F1-74048CB0D5A0}"
EndProject
Project("{8BC9CEB8-8B4A-11D0-8D11-00A0C91BC942}") = "Triangles", "Triangles\Triangles.vcxproj", "{3B0BB141-F9A5-4541-8222-DDA4778F44FA}"
EndProject
Project("{8BC9CEB8-8B4A-11D0-8D11-00A0C91BC942}") = "HandlingEvents", "HandlingEvents\HandlingEvents.vcxproj", "{01AD8747-AB54-495D-BBA8-B1BD995FB444}"
EndProject
Project("{8BC9CEB8-8B4A-11D0-8D11-00A0C91BC942}") = "BoundingBall", "BoundingBall\BoundingBall.vcxproj", "{97521185-F00E-43E9-B977-3DF0270D4B0F}"
EndProject
Project("{8BC9CEB8-8B4A-11D0-8D11-00A0C91BC942}") = "BezierEditor", "BezierEditor\BezierEditor.vcxproj", "{6394EB50-9E60-4B3B-9A71-9CDAC18E4AB6}"
EndProject
Project("{8BC9CEB8-8B4A-11D0-8D11-00A0C91BC942}") = "DrawingCommands", "DrawingCommands\DrawingCommands.vcxproj", "{E935FF84-A331-49E4-A727-E85FEA218297}"
EndProject
Global
	GlobalSection(SolutionConfigurationPlatforms) = preSolution
		Debug|x64 = Debug|x64
		Debug|x86 = Debug|x86
		Release|x64 = Release|x64
		Release|x86 = Release|x86
	EndGlobalSection
	GlobalSection(ProjectConfigurationPlatforms) = postSolution
		{2BB23D30-5C21-47D2-85E9-7FCCCA8E1F8E}.Debug|x64.ActiveCfg = Debug|x64
		{2BB23D30-5C21-47D2-85E9-7FCCCA8E1F8E}.Debug|x64.Build.0 = Debug|x64
		{2BB23D30-5C21-47D2-85E9-7FCCCA8E1F8E}.Debug|x86.ActiveCfg = Debug|Win32
		{2BB23D30-5C21-47D2-85E9-7FCCCA8E1F8E}.Debug|x86.Build.0 = Debug|Win32
		{2BB23D30-5C21-47D2-85E9-7FCCCA8E1F8E}.Release|x64.ActiveCfg = Release|x64
		{2BB23D30-5C21-47D2-85E9-7FCCCA8E1F8E}.Release|x64.Build.0 = Release|x64
		{2BB23D30-5C21-47D2-85E9-7FCCCA8E1F8E}.Release|x86.ActiveCfg = Release|Win32
		{2BB23D30-5C21-47D2-85E9-7FCCCA8E1F8E}.Release|x86.Build.0 = Release|Win32
		{A20D842E-1F76-48DC-B7A4-8DE5B9262C39}.Debug|x64.ActiveCfg = Debug|x64
		{A20D842E-1F76-48DC-B7A4-8DE5B9262C39}.Debug|x64.Build.0 = Debug|x64
		{A20D842E-1F76-48DC-B7A4-8DE5B9262C39}.Debug|x86.ActiveCfg = Debug|Win32
		{A20D842E-1F76-48DC-B7A4-8DE5B9262C39}.Debug|x86.Build.0 = Debug|Win32
		{A20D842E-1F76-48DC-B7A4-8DE5B9262C39}.Release|x64.ActiveCfg = Release|x64
		{A20D842E-1F76-48DC-B7A4-8DE5B9262C39}.Release|x64.Build.0 = Release|x64
		{A20D842E-1F76-48DC-B7A4-8DE5B9262C39}.Release|x86.ActiveCfg = Release|Win32
		{A20D842E-1F76-48DC-B7A4-8DE5B9262C39}.Release|x86.Build.0 = Release|Win32
		{9A61A0E6-DF33-4B77-BC3B-A47E1B592FD8}.Debug|x64.ActiveCfg = Debug|x64
		{9A61A0E6-DF33-4B77-BC3B-A47E1B592FD8}.Debug|x64.Build.0 = Debug|x64
		{9A61A0E6-DF33-4B77-BC3B-A47E1B592FD8}.Debug|x86.ActiveCfg = Debug|Win32
		{9A61A0E6-DF33-4B77-BC3B-A47E1B592FD8}.Debug|x86.Build.0 = Debug|Win32
		{9A61A0E6-DF33-4B77-BC3B-A47E1B592FD8}.Release|x64.ActiveCfg = Release|x64
		{9A61A0E6-DF33-4B77-BC3B-A47E1B592FD8}.Release|x64.Build.0 = Release|x64
		{9A61A0E6-DF33-4B77-BC3B-A47E1B592FD8}.Release|x86.ActiveCfg = Release|Win32
		{9A61A0E6-DF33-4B77-BC3B-A47E1B592FD8}.Release|x86.Build.0 = Release|Win32
		{A664B8AB-CEFF-48F0-849D-532B7D6FFB62}.Debug|x64.ActiveCfg = Debug|x64
		{A664B8AB-CEFF-48F0-849D-532B7D6FFB62}.Debug|x64.Build.0 = Debug|x64
		{A664B8AB-CEFF-48F0-849D-532B7D6FFB62}.Debug|x86.ActiveCfg = Debug|Win32
		{A664B8AB-CEFF-48F0-849D-532B7D6FFB62}.Debug|x86.Build.0 = Debug|Win32
		{A664B8AB-CEFF-48F0-849D-532B7D6FFB62}.Release|x64.ActiveCfg = Release|x64
		{A664B8AB-CEFF-48F0-849D-532B7D6FFB62}.Release|x64.Build.0 = Release|x64
		{A664B8AB-CEFF-48F0-849D-532B7D6FFB62}.Release|x86.ActiveCfg = Release|Win32
		{A664B8AB-CEFF-48F0-849D-532B7D6FFB62}.Release|x86.Build.0 = Release|Win32
		{049CE35D-7E0E-4577-9B49-C7602C1558B5}.Debug|x64.ActiveCfg = Debug|x64
		{049CE35D-7E0E-4577-9B49-C7602C1558B5}.Debug|x64.Build.0 = Debug|x64
		{049CE35D-7E0E-4577-9B49-C7602C1558B5}.Debug|x86.ActiveCfg = Debug|Win32
		{049CE35D-7E0E-4577-9B49-C7602C1558B5}.Debug|x86.Build.0 = Debug|Win32
		{049CE35D-7E0E-4577-9B49-C7602C1558B5}.Release|x64.ActiveCfg = Release|x64
		{049CE35D-7E0E-4577-9B49-C7602C1558B5}.Release|x64.Build.0 = Release|x64
		{049CE35D-7E0E-4577-9B49-C7602C1558B5}.Release|x86.ActiveCfg = Release|Win32
		{049CE35D-7E0E-4577-9B49-C7602C1558B5}.Release|x86.Build.0 = Release|Win32
		{8B542400-6EB1-48B6-8596-3B1079AC74A6}.Debug|x64.ActiveCfg = Debug|x64
		{8B542400-6EB1-48B6-8596-3B1079AC74A6}.Debug|x64.Build.0 = Debug|x64
		{8B542400-6EB1-48B6-8596-3B1079AC74A6}.Debug|x86.ActiveCfg = Debug|Win32
		{8B542400-6EB1-48B6-8596-3B1079AC74A6}.Debug|x86.Build.0 = Debug|Win32
		{8B542400-6EB1-48B6-8596-3B1079AC74A6}.Release|x64.ActiveCfg = Release|x64
		{8B542400-6EB1-48B6-8596-3B1079AC74A6}.Release|x64.Build.0 = Release|x64
		{8B542400-6EB1-48B6-8596-3B1079AC74A6}.Release|x86.ActiveCfg = Release|Win32
		{8B542400-6EB1-48B6-8596-3B1079AC74A6}.Release|x86.Build.0 = Release|Win32
		{5D19AB51-9816-4469-BEA9-E9F1B4CA6D1C}.Debug|x64.ActiveCfg = Debug|x64
		{5D19AB51-9816-4469-BEA9-E9F1B4CA6D1C}.Debug|x64.Build.0 = Debug|x64
		{5D19AB51-9816-4469-BEA9-E9F1B4CA6D1C}.Debug|x86.ActiveCfg = Debug|Win32
		{5D19AB51-9816-4469-BEA9-E9F1B4CA6D1C}.Debug|x86.Build.0 = Debug|Win32
		{5D19AB51-9816-4469-BEA9-E9F1B4CA6D1C}.Release|x64.ActiveCfg = Release|x64
		{5D19AB51-9816-4469-BEA9-E9F1B4CA6D1C}.Release|x64.Build.0 = Release|x64
		{5D19AB51-9816-4469-BEA9-E9F1B4CA6D1C}.Release|x86.ActiveCfg = Release|Win32
		{5D19AB51-9816-4469-BEA9-E9F1B4CA6D1C}.Release|x86.Build.0 = Release|Win32
		{28B1A9DA-767B-469B-9829-8365AD21BE61}.Debug|x64.ActiveCfg = Debug|x64
		{28B1A9DA-767B-469B-9829-8365AD21BE61}.Debug|x64.Build.0 = Debug|x64
		{28B1A9DA-767B-469B-9829-8365AD21BE61}.Debug|x86.ActiveCfg = Debug|Win32
		{28B1A9DA-767B-469B-9829-8365AD21BE61}.Debug|x86.Build.0 = Debug|Win32
		{28B1A9DA-767B-469B-9829-8365AD21BE61}.Release|x64.ActiveCfg = Release|x64
		{28B1A9DA-767B-469B-9829-8365AD21BE61}.Release|x64.Build.0 = Release|x64
		{28B1A9DA-767B-469B-9829-8365AD21BE61}.Release|x86.ActiveCfg = Release|Win32
		{28B1A9DA-767B-469B-9829-8365AD21BE61}.Release|x86.Build.0 = Release|Win32
		{B6A1B246-5AC7-4232-8806-D5913DA49026}.Debug|x64.ActiveCfg = Debug|x64
		{B6A1B246-5AC7-4232-8806-D5913DA49026}.Debug|x64.Build.0 = Debug|x64
		{B6A1B246-5AC7-4232-8806-D5913DA49026}.Debug|x86.ActiveCfg = Debug|Win32
		{B6A1B246-5AC7-4232-8806-D5913DA49026}.Debug|x86.Build.0 = Debug|Win32
		{B6A1B246-5AC7-4232-8806-D5913DA49026}.Release|x64.ActiveCfg = Release|x64
		{B6A1B246-5AC7-4232-8806-D5913DA49026}.Release|x64.Build.0 = Release|x64
		{B6A1B246-5AC7-4232-8806-D5913DA49026}.Release|x86.ActiveCfg = Release|Win32
		{B6A1B246-5AC7-4232-8806-D5913DA49026}.Release|x86.Build.0 = Release|Win32
		{0C09DCE7-DCD0-4A34-B309-9F7613456D9F}.Debug|x64.ActiveCfg = Debug|x64
		{0C09DCE7-DCD0-4A34-B309-9F7613456D9F}.Debug|x64.Build.0 = Debug|x64
		{0C09DCE7-DCD0-4A34-B309-9F7613456D9F}.Debug|x86.ActiveCfg = Debug|Win32
		{0C09DCE7-DCD0-4A34-B309-9F7613456D9F}.Debug|x86.Build.0 = Debug|Win32
		{0C09DCE7-DCD0-4A34-B309-9F7613456D9F}.Release|x64.ActiveCfg = Release|x64
		{0C09DCE7-DCD0-4A34-B309-9F7613456D9F}.Release|x64.Build.0 = Release|x64
		{0C09DCE7-DCD0-4A34-B309-9F7613456D9F}.Release|x86.ActiveCfg = Release|Win32
		{0C09DCE7-DCD0-4A34-B309-9F7613456D9F}.Release|x86.Build.0 = Release|Win32
		{961F9630-D3F0-4698-A29C-58F57559D5C3}.Debug|x64.ActiveCfg = Debug|x64
		{961F9630-D3F0-4698-A29C-58F57559D5C3}.Debug|x64.Build.0 = Debug|x64
		{961F9630-D3F0-4698-A29C-58F57559D5C3}.Debug|x86.ActiveCfg = Debug|Win32
		{961F9630-D3F0-4698-A29C-58F57559D5C3}.Debug|x86.Build.0 = Debug|Win32
		{961F9630-D3F0-4698-A29C-58F57559D5C3}.Release|x64.ActiveCfg = Release|x64
		{961F9630-D3F0-4698-A29C-58F57559D5C3}.Release|x64.Build.0 = Release|x64
		{961F9630-D3F0-4698-A29C-58F57559D5C3}.Release|x86.ActiveCfg = Release|Win32
		{961F9630-D3F0-4698-A29C-58F57559D5C3}.Release|x86.Build.0 = Release|Win32
		{71623DE9-E933-4347-B9F5-A754FC797D6C}.Debug|x64.ActiveCfg = Debug|x64
		{71623DE9-E933-4347-B9F5-A754FC797D6C}.Debug|x64.Build.0 = Debug|x64
		{71623DE9-E933-4347-B9F5-A754FC797D6C}.Debug|x86.ActiveCfg = Debug|Win32
		{71623DE9-E933-4347-B9F5-A754FC797D6C}.Debug|x86.Build.0 = Debug|Win32
		{71623DE9-E933-4347-B9F5-A754FC797D6C}.Release|x64.ActiveCfg = Release|x64
		{71623DE9-E933-4347-B9F5-A754FC797D6C}.Release|x64.Build.0 = Release|x64
		{71623DE9-E933-4347-B9F5-A754FC797D6C}.Release|x86.ActiveCfg = Release|Win32
		{71623DE9-E933-4347-B9F5-A754FC797D6C}.Release|x86.Build.0 = Release|Win32
		{6CDDAB91-C3F3-46C3-B5F0-0E1A1AFA4943}.Debug|x64.ActiveCfg = Debug|x64
		{6CDDAB91-C3F3-46C3-B5F0-0E1A1AFA4943}.Debug|x64.Build.0 = Debug|x64
		{6CDDAB91-C3F3-46C3-B5F0-0E1A1AFA4943}.Debug|x86.ActiveCfg = Debug|Win32
		{6CDDAB91-C3F3-46C3-B5F0-0E1A1AFA4943}.Debug|x86.Build.0 = Debug|Win32
		{6CDDAB91-C3F3-46C3-B5F0-0E1A1AFA4943}.Release|x64.ActiveCfg = Release|x64
		{6CDDAB91-C3F3-46C3-B5F0-0E1A1AFA4943}.Release|x64.Build.0 = Release|x64
		{6CDDAB91-C3F3-46C3-B5F0-0E1A1AFA4943}.Release|x86.ActiveCfg = Release|Win32
		{6CDDAB91-C3F3-46C3-B5F0-0E1A1AFA4943}.Release|x86.Build.0 = Release|Win32
		{C3D6859A-AD09-45EC-804F-0622B92EF866}.Debug|x64.ActiveCfg = Debug|x64
		{C3D6859A-AD09-45EC-804F-0622B92EF866}.Debug|x64.Build.0 = Debug|x64
		{C3D6859A-AD09-45EC-804F-0622B92EF866}.Debug|x86.ActiveCfg = Debug|Win32
		{C3D6859A-AD09-45EC-804F-0622B92EF866}.Debug|x86.Build.0 = Debug|Win32
		{C3D6859A-AD09-45EC-804F-0622B92EF866}.Release|x64.ActiveCfg = Release|x64
		{C3D6859A-AD09-45EC-804F-0622B92EF866}.Release|x64.Build.0 = Release|x64
		{C3D6859A-AD09-45EC-804F-0622B92EF866}.Release|x86.ActiveCfg = Release|Win32
		{C3D6859A-AD09-45EC-804F-0622B92EF866}.Release|x86.Build.0 = Release|Win32
		{75E7C45C-8FC1-440A-8F67-F140B4A03B74}.Debug|x64.ActiveCfg = Debug|x64
		{75E7C45C-8FC1-440A-8F67-F140B4A03B74}.Debug|x64.Build.0 = Debug|x64
		{75E7C45C-8FC1-440A-8F67-F140B4A03B74}.Debug|x86.ActiveCfg = Debug|Win32
		{75E7C45C-8FC1-440A-8F67-F140B4A03B74}.Debug|x86.Build.0 = Debug|Win32
		{75E7C45C-8FC1-440A-8F67-F140B4A03B74}.Release|x64.ActiveCfg = Release|x64
		{75E7C45C-8FC1-440A-8F67-F140B4A03B74}.Release|x64.Build.0 = Release|x64
		{75E7C45C-8FC1-440A-8F67-F140B4A03B74}.Release|x86.ActiveCfg = Release|Win32
		{75E7C45C-8FC1-440A-8F67-F140B4A03B74}.Release|x86.Build.0 = Release|Win32
		{F1089EC7-C469-4524-9B7B-977685D79C18}.Debug|x64.ActiveCfg = Debug|x64
		{F1089EC7-C469-4524-9B7B-977685D79C18}.Debug|x64.Build.0 = Debug|x64
		{F1089EC7-C469-4524-9B7B-977685D79C18}.Debug|x86.ActiveCfg = Debug|Win32
		{F1089EC7-C469-4524-9B7B-977685D79C18}.Debug|x86.Build.0 = Debug|Win32
		{F1089EC7-C469-4524-9B7B-977685D79C18}.Release|x64.ActiveCfg = Release|x64
		{F1089EC7-C469-4524-9B7B-977685D79C18}.Release|x64.Build.0 = Release|x64
		{F1089EC7-C469-4524-9B7B-977685D79C18}.Release|x86.ActiveCfg = Release|Win32
		{F1089EC7-C469-4524-9B7B-977685D79C18}.Release|x86.Build.0 = Release|Win32
		{7E0BFAED-8D3F-40CF-B9F1-74048CB0D5A0}.Debug|x64.ActiveCfg = Debug|x64
		{7E0BFAED-8D3F-40CF-B9F1-74048CB0D5A0}.Debug|x64.Build.0 = Debug|x64
		{7E0BFAED-8D3F-40CF-B9F1-74048CB0D5A0}.Debug|x86.ActiveCfg = Debug|Win32
		{7E0BFAED-8D3F-40CF-B9F1-74048CB0D5A0}.Debug|x86.Build.0 = Debug|Win32
		{7E0BFAED-8D3F-40CF-B9F1-74048CB0D5A0}.Release|x64.ActiveCfg = Release|x64
		{7E0BFAED-8D3F-40CF-B9F1-74048CB0D5A0}.Release|x64.Build.0 = Release|x64
		{7E0BFAED-8D3F-40CF-B9F1-74048CB0D5A0}.Release|x86.ActiveCfg = Release|Win32
		{7E0BFAED-8D3F-40CF-B9F1-74048CB0D5A0}.Release|x86.Build.0 = Release|Win32
		{3B0BB141-F9A5-4541-8222-DDA4778F44FA}.Debug|x64.ActiveCfg = Debug|x64
		{3B0BB141-F9A5-4541-8222-DDA4778F44FA}.Debug|x64.Build.0 = Debug|x64
		{3B0BB141-F9A5-4541-8222-DDA4778F44FA}.Debug|x86.ActiveCfg = Debug|Win32
		{3B0BB141-F9A5-4541-8222-DDA4778F44FA}.Debug|x86.Build.0 = Debug|Win32
		{3B0BB141-F9A5-4541-8222-DDA4778F44FA}.Release|x64.ActiveCfg = Release|x64
		{3B0BB141-F9A5-4541-8222-DDA4778F44FA}.Release|x64.Build.0 = Release|x64
		{3B0BB141-F9A5-4541-8222-DDA4778F44FA}.Release|x86.ActiveCfg = Release|Win32
		{3B0BB141-F9A5-4541-8222-DDA4778F44FA}.Release|x86.Build.0 = Release|Win32
		{01AD8747-AB54-495D-BBA8-B1BD995FB444}.Debug|x64.ActiveCfg = Debug|x64
		{01AD8747-AB54-495D-BBA8-B1BD995FB444}.Debug|x64.Build.0 = Debug|x64
		{01AD8747-AB54-495D-BBA8-B1BD995FB444}.Debug|x86.ActiveCfg = Debug|Win32
		{01AD8747-AB54-495D-BBA8-B1BD995FB444}.Debug|x86.Build.0 = Debug|Win32
		{01AD8747-AB54-495D-BBA8-B1BD995FB444}.Release|x64.ActiveCfg = Release|x64
		{01AD8747-AB54-495D-BBA8-B1BD995FB444}.Release|x64.Build.0 = Release|x64
		{01AD8747-AB54-495D-BBA8-B1BD995FB444}.Release|x86.ActiveCfg = Release|Win32
		{01AD8747-AB54-495D-BBA8-B1BD995FB444}.Release|x86.Build.0 = Release|Win32
		{97521185-F00E-43E9-B977-3DF0270D4B0F}.Debug|x64.ActiveCfg = Debug|x64
		{97521185-F00E-43E9-B977-3DF0270D4B0F}.Debug|x64.Build.0 = Debug|x64
		{97521185-F00E-43E9-B977-3DF0270D4B0F}.Debug|x86.ActiveCfg = Debug|Win32
		{97521185-F00E-43E9-B977-3DF0270D4B0F}.Debug|x86.Build.0 = Debug|Win32
		{97521185-F00E-43E9-B977-3DF0270D4B0F}.Release|x64.ActiveCfg = Release|x64
		{97521185-F00E-43E9-B977-3DF0270D4B0F}.Release|x64.Build.0 = Release|x64
		{97521185-F00E-43E9-B977-3DF0270D4B0F}.Release|x86.ActiveCfg = Release|Win32
		{97521185-F00E-43E9-B977-3DF0270D4B0F}.Release|x86.Build.0 = Release|Win32
		{6394EB50-9E60-4B3B-9A71-9CDAC18E4AB6}.Debug|x64.ActiveCfg = Debug|x64
		{6394EB50-9E60-4B3B-9A71-9CDAC18E4AB6}.Debug|x64.Build.0 = Debug|x64
		{6394EB50-9E60-4B3B-9A71-9CDAC18E4AB6}.Debug|x86.ActiveCfg = Debug|Win32
		{6394EB50-9E60-4B3B-9A71-9CDAC18E4AB6}.Debug|x86.Build.0 = Debug|Win32
		{6394EB50-9E60-4B3B-9A71-9CDAC18E4AB6}.Release|x64.ActiveCfg = Release|x64
		{6394EB50-9E60-4B3B-9A71-9CDAC18E4AB6}.Release|x64.Build.0 = Release|x64
		{6394EB50-9E60-4B3B-9A71-9CDAC18E4AB6}.Release|x86.ActiveCfg = Release|Win32
		{6394EB50-9E60-4B3B-9A71-9CDAC18E4AB6}.Release|x86.Build.0 = Release|Win32
		{E935FF84-A331-49E4-A727-E85FEA218297}.Debug|x64.ActiveCfg = Debug|x64
		{E935FF84-A331-49E4-A727-E85FEA218297}.Debug|x64.Build.0 = Debug|x64
		{E935FF84-A331-49E4-A727-E85FEA218297}.Debug|x86.ActiveCfg = Debug|Win32
		{E935FF84-A331-49E4-A727-E85FEA218297}.Debug|x86.Build.0 = Debug|Win32
		{E935FF84-A331-49E4-A727-E85FEA218297}.Release|x64.ActiveCfg = Release|x64
		{E935FF84-A331-49E4-A727-E85FEA218297}.Release|x64.Build.0 = Release|x64
		{E935FF84-A331-49E4-A727-E85FEA218297}.Release|x86.ActiveCfg = Release|Win32
		{E935FF84-A331-49E4-A727-E85FEA218297}.Release|x86.Build.0 = Release|Win32
	EndGlobalSection
	GlobalSection(SolutionProperties) = preSolution
		HideSolutionNode = FALSE
	EndGlobalSection
	GlobalSection(ExtensibilityGlobals) = postSolution
		SolutionGuid = {412CF0A7-40F8-431E-9FD2-6CA52304DA34}
	EndGlobalSection
EndGlobal
